<?xml version="1.0" encoding="utf-8"?>
<Project ToolsVersion="4.0" xmlns="http://schemas.microsoft.com/developer/msbuild/2003">
  <ItemGroup>
    <Filter Include="Core">
      <UniqueIdentifier>{4FC737F1-C7A5-4376-A066-2A32D752A2FF}</UniqueIdentifier>
      <Extensions>cpp;c;cc;cxx;def;odl;idl;hpj;bat;asm;asmx</Extensions>
    </Filter>
    <Filter Include="Containers">
      <UniqueIdentifier>{78a7f487-1d77-4fdc-9f51-f067eccd6239}</UniqueIdentifier>
    </Filter>
    <Filter Include="ModulesStages">
      <UniqueIdentifier>{5920d400-38b1-4fbb-b83a-8b4aea2a7237}</UniqueIdentifier>
    </Filter>
    <Filter Include="ModulesBase">
      <UniqueIdentifier>{93995380-89BD-4b04-88EB-625FBE52EBFB}</UniqueIdentifier>
      <Extensions>h;hh;hpp;hxx;hm;inl;inc;xsd</Extensions>
    </Filter>
    <Filter Include="ModulesPlayers">
      <UniqueIdentifier>{11bec66d-7239-4aad-a547-afa5b11feb20}</UniqueIdentifier>
    </Filter>
    <Filter Include="ModulesEnemies">
      <UniqueIdentifier>{3bb81693-a99a-4a88-aac5-d263155e5d49}</UniqueIdentifier>
    </Filter>
    <Filter Include="ModulesEnemies\Enemies">
      <UniqueIdentifier>{97ac0001-32a2-486d-b768-6c49b0370c48}</UniqueIdentifier>
    </Filter>
    <Filter Include="ModulesEnemies\EnemiesStage2">
      <UniqueIdentifier>{4b391543-f9f0-4ab0-bc64-ec6a8004cd5b}</UniqueIdentifier>
    </Filter>
  </ItemGroup>
  <ItemGroup>
    <ClInclude Include="Module.h">
      <Filter>ModulesBase</Filter>
    </ClInclude>
    <ClInclude Include="ModuleWindow.h">
      <Filter>ModulesBase</Filter>
    </ClInclude>
    <ClInclude Include="MemLeaks.h">
      <Filter>Core</Filter>
    </ClInclude>
    <ClInclude Include="Globals.h">
      <Filter>Core</Filter>
    </ClInclude>
    <ClInclude Include="Application.h">
      <Filter>Core</Filter>
    </ClInclude>
    <ClInclude Include="ModuleInput.h">
      <Filter>ModulesBase</Filter>
    </ClInclude>
    <ClInclude Include="ModuleRender.h">
      <Filter>ModulesBase</Filter>
    </ClInclude>
    <ClInclude Include="ModuleTextures.h">
      <Filter>ModulesBase</Filter>
    </ClInclude>
    <ClInclude Include="p2Point.h">
      <Filter>Containers</Filter>
    </ClInclude>
    <ClInclude Include="Animation.h">
      <Filter>Containers</Filter>
    </ClInclude>
    <ClInclude Include="ModuleFadeToBlack.h">
      <Filter>ModulesBase</Filter>
    </ClInclude>
    <ClInclude Include="ModulePlayer2.h">
      <Filter>ModulesPlayers</Filter>
    </ClInclude>
    <ClInclude Include="ModulePlayer1.h">
      <Filter>ModulesPlayers</Filter>
    </ClInclude>
    <ClInclude Include="ModuleMixer.h">
      <Filter>ModulesBase</Filter>
    </ClInclude>
    <ClInclude Include="ModuleStage1.h">
      <Filter>ModulesStages</Filter>
    </ClInclude>
    <ClInclude Include="ModuleMainMenu.h">
      <Filter>ModulesStages</Filter>
    </ClInclude>
    <ClInclude Include="ModuleHiScore.h">
      <Filter>ModulesStages</Filter>
    </ClInclude>
    <ClInclude Include="ModuleParticles.h">
      <Filter>ModulesPlayers</Filter>
    </ClInclude>
    <ClInclude Include="ModuleCollision.h">
      <Filter>ModulesBase</Filter>
    </ClInclude>
    <ClInclude Include="ModuleEnemies.h">
      <Filter>ModulesEnemies</Filter>
    </ClInclude>
    <ClInclude Include="Enemy.h">
      <Filter>ModulesEnemies\Enemies</Filter>
    </ClInclude>
    <ClInclude Include="Enemy_Example.h">
      <Filter>ModulesEnemies\Enemies</Filter>
    </ClInclude>
    <ClInclude Include="Enemy_13_Greyball.h">
      <Filter>ModulesEnemies\Enemies</Filter>
    </ClInclude>
    <ClInclude Include="ModuleFont.h">
      <Filter>ModulesBase</Filter>
    </ClInclude>
    <ClInclude Include="ModuleUserInterface.h">
      <Filter>ModulesBase</Filter>
    </ClInclude>
    <ClInclude Include="RedLineShip_Enemy.h">
      <Filter>ModulesEnemies\Enemies</Filter>
    </ClInclude>
    <ClInclude Include="NewPath.h">
      <Filter>Containers</Filter>
    </ClInclude>
    <ClInclude Include="PowerUp_Enemy.h">
      <Filter>ModulesEnemies\Enemies</Filter>
    </ClInclude>
    <ClInclude Include="ModuleStageClear.h">
      <Filter>ModulesStages</Filter>
    </ClInclude>
    <ClInclude Include="BigGrey_Enemy.h">
      <Filter>ModulesEnemies\Enemies</Filter>
    </ClInclude>
    <ClInclude Include="GreyYellow_Enemy.h">
      <Filter>ModulesEnemies\Enemies</Filter>
    </ClInclude>
    <ClInclude Include="PowerUp_Bonus.h">
      <Filter>ModulesEnemies\Enemies</Filter>
    </ClInclude>
    <ClInclude Include="Enemy_GreyBall_S.h">
      <Filter>ModulesEnemies\Enemies</Filter>
    </ClInclude>
    <ClInclude Include="GreyBall_K.h">
      <Filter>ModulesEnemies\Enemies</Filter>
    </ClInclude>
    <ClInclude Include="GreyYellow_Enemy_Up.h">
      <Filter>ModulesEnemies\Enemies</Filter>
    </ClInclude>
    <ClInclude Include="GreyYellow_Enemy_Down.h">
      <Filter>ModulesEnemies\Enemies</Filter>
    </ClInclude>
    <ClInclude Include="ModuleStage2.h">
      <Filter>ModulesStages</Filter>
    </ClInclude>
    <ClInclude Include="Shuriken_Enemy.h">
      <Filter>ModulesEnemies\EnemiesStage2</Filter>
    </ClInclude>
    <ClInclude Include="silver_round.h">
      <Filter>ModulesEnemies\EnemiesStage2</Filter>
    </ClInclude>
    <ClInclude Include="Up_WhiteOrageTurret.h">
      <Filter>ModulesEnemies\EnemiesStage2</Filter>
    </ClInclude>
    <ClInclude Include="Down_WhiteOrangeTurret.h">
      <Filter>ModulesEnemies\EnemiesStage2</Filter>
    </ClInclude>
    <ClInclude Include="Greyball_Circle.h">
      <Filter>ModulesEnemies\EnemiesStage2</Filter>
    </ClInclude>
    <ClInclude Include="Drill_Up.h">
      <Filter>ModulesEnemies\EnemiesStage2</Filter>
    </ClInclude>
    <ClInclude Include="Drill_Down.h">
      <Filter>ModulesEnemies\EnemiesStage2</Filter>
    </ClInclude>
    <ClInclude Include="silver_round_down.h">
      <Filter>ModulesEnemies\EnemiesStage2</Filter>
    </ClInclude>
  </ItemGroup>
  <ItemGroup>
    <ClCompile Include="Main.cpp">
      <Filter>Core</Filter>
    </ClCompile>
    <ClCompile Include="Application.cpp">
      <Filter>Core</Filter>
    </ClCompile>
    <ClCompile Include="ModuleWindow.cpp">
      <Filter>ModulesBase</Filter>
    </ClCompile>
    <ClCompile Include="ModuleInput.cpp">
      <Filter>ModulesBase</Filter>
    </ClCompile>
    <ClCompile Include="ModuleRender.cpp">
      <Filter>ModulesBase</Filter>
    </ClCompile>
    <ClCompile Include="ModuleTextures.cpp">
      <Filter>ModulesBase</Filter>
    </ClCompile>
    <ClCompile Include="Globals.cpp">
      <Filter>Core</Filter>
    </ClCompile>
    <ClCompile Include="ModuleFadeToBlack.cpp">
      <Filter>ModulesBase</Filter>
    </ClCompile>
    <ClCompile Include="ModulePlayer1.cpp">
      <Filter>ModulesPlayers</Filter>
    </ClCompile>
    <ClCompile Include="ModulePlayer2.cpp">
      <Filter>ModulesPlayers</Filter>
    </ClCompile>
    <ClCompile Include="ModuleMixer.cpp">
      <Filter>ModulesBase</Filter>
    </ClCompile>
    <ClCompile Include="ModuleMainMenu.cpp">
      <Filter>ModulesStages</Filter>
    </ClCompile>
    <ClCompile Include="ModuleStage1.cpp">
      <Filter>ModulesStages</Filter>
    </ClCompile>
    <ClCompile Include="ModuleHiScore.cpp">
      <Filter>ModulesStages</Filter>
    </ClCompile>
    <ClCompile Include="ModuleParticles.cpp">
      <Filter>ModulesPlayers</Filter>
    </ClCompile>
    <ClCompile Include="ModuleCollision.cpp">
      <Filter>ModulesBase</Filter>
    </ClCompile>
    <ClCompile Include="ModuleEnemies.cpp">
      <Filter>ModulesEnemies</Filter>
    </ClCompile>
    <ClCompile Include="Enemy.cpp">
      <Filter>ModulesEnemies\Enemies</Filter>
    </ClCompile>
    <ClCompile Include="Enemy_Example.cpp">
      <Filter>ModulesEnemies\Enemies</Filter>
    </ClCompile>
    <ClCompile Include="Enemy_13_Greyball.cpp">
      <Filter>ModulesEnemies\Enemies</Filter>
    </ClCompile>
    <ClCompile Include="ModuleFont.cpp">
      <Filter>ModulesBase</Filter>
    </ClCompile>
    <ClCompile Include="ModuleUserInterface.cpp">
      <Filter>ModulesBase</Filter>
    </ClCompile>
    <ClCompile Include="RedLineShip_Enemy.cpp">
      <Filter>ModulesEnemies\Enemies</Filter>
    </ClCompile>
    <ClCompile Include="PowerUp_Enemy.cpp">
      <Filter>ModulesEnemies\Enemies</Filter>
    </ClCompile>
    <ClCompile Include="ModuleStageClear.cpp">
      <Filter>ModulesStages</Filter>
    </ClCompile>
    <ClCompile Include="BigGrey_Enemy.cpp">
      <Filter>ModulesEnemies\Enemies</Filter>
    </ClCompile>
    <ClCompile Include="GreyYellow_Enemy.cpp">
      <Filter>ModulesEnemies\Enemies</Filter>
    </ClCompile>
    <ClCompile Include="PowerUp_Bonus.cpp">
      <Filter>ModulesEnemies\Enemies</Filter>
    </ClCompile>
    <ClCompile Include="Enemy_GreyBall_S.cpp">
      <Filter>ModulesEnemies\Enemies</Filter>
    </ClCompile>
    <ClCompile Include="Greyball_K.cpp">
      <Filter>ModulesEnemies\Enemies</Filter>
    </ClCompile>
    <ClCompile Include="GreyYellow_Enemy_Up.cpp">
      <Filter>ModulesEnemies\Enemies</Filter>
    </ClCompile>
    <ClCompile Include="GreyYellow_Enemy_Down.cpp">
      <Filter>ModulesEnemies\Enemies</Filter>
    </ClCompile>
    <ClCompile Include="ModuleStage2.cpp">
      <Filter>ModulesStages</Filter>
    </ClCompile>
    <ClCompile Include="Shuriken_Enemy.cpp">
      <Filter>ModulesEnemies\EnemiesStage2</Filter>
    </ClCompile>
    <ClCompile Include="silver_round.cpp">
      <Filter>ModulesEnemies\EnemiesStage2</Filter>
    </ClCompile>
    <ClCompile Include="Up_WhiteOrangeTurret.cpp">
      <Filter>ModulesEnemies\EnemiesStage2</Filter>
    </ClCompile>
    <ClCompile Include="Down_WhiteOrangeTurret.cpp">
      <Filter>ModulesEnemies\EnemiesStage2</Filter>
    </ClCompile>
    <ClCompile Include="Greyball_Circle.cpp">
      <Filter>ModulesEnemies\EnemiesStage2</Filter>
    </ClCompile>
    <ClCompile Include="Drill_Up.cpp">
      <Filter>ModulesEnemies\EnemiesStage2</Filter>
    </ClCompile>
    <ClCompile Include="Drill_Down.cpp">
      <Filter>ModulesEnemies\EnemiesStage2</Filter>
    </ClCompile>
    <ClCompile Include="silver_round_down.cpp">
      <Filter>ModulesEnemies\EnemiesStage2</Filter>
    </ClCompile>
  </ItemGroup>
</Project>